{
  "name": "astn-parser-lib",
  "version": "0.5.6",
  "lockfileVersion": 2,
  "requires": true,
  "packages": {
    "": {
      "name": "astn-parser-lib",
      "version": "0.5.6",
      "license": "ISC",
      "dependencies": {
        "astn-handlers-api": "^0.5.1",
        "astn-parser-api": "^0.6.3",
        "pareto-lang-lib": "^0.2.0"
      }
    },
    "node_modules/astn-handlers-api": {
      "version": "0.5.1",
      "resolved": "https://registry.npmjs.org/astn-handlers-api/-/astn-handlers-api-0.5.1.tgz",
      "integrity": "sha512-oVyUEedzNq/IH6q7M9y0A9yjc3f+5njkVi121n6ibelBXLwGWDO8HM4VVUDzzam3tZ85pPM/lZj2/m4fecAv7A==",
      "dependencies": {
        "astn-tokenconsumer-api": "^0.3.2"
      }
    },
    "node_modules/astn-parser-api": {
      "version": "0.6.3",
      "resolved": "https://registry.npmjs.org/astn-parser-api/-/astn-parser-api-0.6.3.tgz",
      "integrity": "sha512-xdcAmxoqmh+7o3xXOoaie8l3MSjbjcVbHVkL+EzMkpaFO4zWkYU9cukA5rfJyFQhHDgME9p56nW4QWcdNO3Ycw==",
      "dependencies": {
        "astn-handlers-api": "^0.5.1"
      }
    },
    "node_modules/astn-tokenconsumer-api": {
      "version": "0.3.2",
      "resolved": "https://registry.npmjs.org/astn-tokenconsumer-api/-/astn-tokenconsumer-api-0.3.2.tgz",
      "integrity": "sha512-maI9m6JtU7OUy54LDqAQ/vNC/+TjCiFTv26cQvC5/mBnfA1qkp+FzS6EpcWLMpdVQwK7uHREYMjN+Kzw/5grVQ=="
    },
    "node_modules/pareto-lang-api": {
      "version": "0.1.1",
      "resolved": "https://registry.npmjs.org/pareto-lang-api/-/pareto-lang-api-0.1.1.tgz",
      "integrity": "sha512-tpUHFvbaPpdeGxCLgfOMPnA0Fm6+pOjgBjrIy1nOl8sDcIl+BFbJ7/3pT6e7H7g5Z4+dTdX7sUCoV+9LAvLERQ=="
    },
    "node_modules/pareto-lang-lib": {
      "version": "0.2.0",
      "resolved": "https://registry.npmjs.org/pareto-lang-lib/-/pareto-lang-lib-0.2.0.tgz",
      "integrity": "sha512-phzL5MePMpBELnJ+rUO7DyT1w/qV4aeRN2dykhTMQyRhP0kgtMbza00yU9AqwhoRV5HHUQ76vYJmcs+hN0KQBQ==",
      "dependencies": {
        "pareto-lang-api": "^0.1.1"
      }
    }
  },
  "dependencies": {
    "astn-handlers-api": {
      "version": "0.5.1",
      "resolved": "https://registry.npmjs.org/astn-handlers-api/-/astn-handlers-api-0.5.1.tgz",
      "integrity": "sha512-oVyUEedzNq/IH6q7M9y0A9yjc3f+5njkVi121n6ibelBXLwGWDO8HM4VVUDzzam3tZ85pPM/lZj2/m4fecAv7A==",
      "requires": {
        "astn-tokenconsumer-api": "^0.3.2"
      }
    },
    "astn-parser-api": {
      "version": "0.6.3",
      "resolved": "https://registry.npmjs.org/astn-parser-api/-/astn-parser-api-0.6.3.tgz",
      "integrity": "sha512-xdcAmxoqmh+7o3xXOoaie8l3MSjbjcVbHVkL+EzMkpaFO4zWkYU9cukA5rfJyFQhHDgME9p56nW4QWcdNO3Ycw==",
      "requires": {
        "astn-handlers-api": "^0.5.1"
      }
    },
    "astn-tokenconsumer-api": {
      "version": "0.3.2",
      "resolved": "https://registry.npmjs.org/astn-tokenconsumer-api/-/astn-tokenconsumer-api-0.3.2.tgz",
      "integrity": "sha512-maI9m6JtU7OUy54LDqAQ/vNC/+TjCiFTv26cQvC5/mBnfA1qkp+FzS6EpcWLMpdVQwK7uHREYMjN+Kzw/5grVQ=="
    },
    "pareto-lang-api": {
      "version": "0.1.1",
      "resolved": "https://registry.npmjs.org/pareto-lang-api/-/pareto-lang-api-0.1.1.tgz",
      "integrity": "sha512-tpUHFvbaPpdeGxCLgfOMPnA0Fm6+pOjgBjrIy1nOl8sDcIl+BFbJ7/3pT6e7H7g5Z4+dTdX7sUCoV+9LAvLERQ=="
    },
    "pareto-lang-lib": {
      "version": "0.2.0",
      "resolved": "https://registry.npmjs.org/pareto-lang-lib/-/pareto-lang-lib-0.2.0.tgz",
      "integrity": "sha512-phzL5MePMpBELnJ+rUO7DyT1w/qV4aeRN2dykhTMQyRhP0kgtMbza00yU9AqwhoRV5HHUQ76vYJmcs+hN0KQBQ==",
      "requires": {
        "pareto-lang-api": "^0.1.1"
      }
    }
  }
}
