{
  "name": "astn-parser-lib",
  "version": "0.2.0",
  "lockfileVersion": 2,
  "requires": true,
  "packages": {
    "": {
      "name": "astn-parser-lib",
      "version": "0.2.0",
      "license": "ISC",
      "dependencies": {
        "astn-handlers-api": "^0.2.1",
        "astn-parser-api": "^0.3.0",
        "pareto-runtime": "^0.22.0"
      }
    },
    "node_modules/astn-handlers-api": {
      "version": "0.2.1",
      "resolved": "https://registry.npmjs.org/astn-handlers-api/-/astn-handlers-api-0.2.1.tgz",
      "integrity": "sha512-tCk1pR4u7D3bb66PvV0kRxbEDIGhZH6gO9LnKJJ8Qu/liLVxHA6CLW4+L0+9LX2Ou/gpwJkzQmAZSPt8C65ung==",
      "dependencies": {
        "astn-parser-api": "^0.3.0"
      }
    },
    "node_modules/astn-parser-api": {
      "version": "0.3.0",
      "resolved": "https://registry.npmjs.org/astn-parser-api/-/astn-parser-api-0.3.0.tgz",
      "integrity": "sha512-Ioe1HklKzQC7pqJzcHm0ApWQJy5HMMWaRZS73AT16D/Vaip7D5uAEK9gqWWP2Sm9ovWn2BC3RaglmKzVyAo50A=="
    },
    "node_modules/pareto-runtime": {
      "version": "0.22.0",
      "resolved": "https://registry.npmjs.org/pareto-runtime/-/pareto-runtime-0.22.0.tgz",
      "integrity": "sha512-v4T0pCv+ARIKntB7ZjKqqXBmLDbMzhrMFP4XODpF7DkELWJina/DAr/UVuMYwnz32QN7O9AHunsCVnHOOcKfHQ=="
    }
  },
  "dependencies": {
    "astn-handlers-api": {
      "version": "0.2.1",
      "resolved": "https://registry.npmjs.org/astn-handlers-api/-/astn-handlers-api-0.2.1.tgz",
      "integrity": "sha512-tCk1pR4u7D3bb66PvV0kRxbEDIGhZH6gO9LnKJJ8Qu/liLVxHA6CLW4+L0+9LX2Ou/gpwJkzQmAZSPt8C65ung==",
      "requires": {
        "astn-parser-api": "^0.3.0"
      }
    },
    "astn-parser-api": {
      "version": "0.3.0",
      "resolved": "https://registry.npmjs.org/astn-parser-api/-/astn-parser-api-0.3.0.tgz",
      "integrity": "sha512-Ioe1HklKzQC7pqJzcHm0ApWQJy5HMMWaRZS73AT16D/Vaip7D5uAEK9gqWWP2Sm9ovWn2BC3RaglmKzVyAo50A=="
    },
    "pareto-runtime": {
      "version": "0.22.0",
      "resolved": "https://registry.npmjs.org/pareto-runtime/-/pareto-runtime-0.22.0.tgz",
      "integrity": "sha512-v4T0pCv+ARIKntB7ZjKqqXBmLDbMzhrMFP4XODpF7DkELWJina/DAr/UVuMYwnz32QN7O9AHunsCVnHOOcKfHQ=="
    }
  }
}
